// !$*UTF8*$!
{
	archiveVersion = 1;
	classes = {
	};
	objectVersion = 56;
	objects = {

/* Begin PBXBuildFile section */
		332AF62E61CDCBA1074CDF14 /* Pods_swiftui_omdb_swiftui_omdbUITests.framework in Frameworks */ = {isa = PBXBuildFile; fileRef = B3241C2ADAD3BE10D324349C /* Pods_swiftui_omdb_swiftui_omdbUITests.framework */; };
		9B7AEAC9E444C087207C53E3 /* Pods_swiftui_omdb.framework in Frameworks */ = {isa = PBXBuildFile; fileRef = 5F8A17F2B04FD0ED8C992669 /* Pods_swiftui_omdb.framework */; };
		E84A769AFCA6E82B1CA19669 /* Pods_swiftui_omdbTests.framework in Frameworks */ = {isa = PBXBuildFile; fileRef = 5BC92408CF9F58E94763D80A /* Pods_swiftui_omdbTests.framework */; };
		FE7999F72C1E8A1600417425 /* MovieListView.swift in Sources */ = {isa = PBXBuildFile; fileRef = FE7999F62C1E8A1600417425 /* MovieListView.swift */; };
		FE7999FB2C1E8D0600417425 /* TextModifier.swift in Sources */ = {isa = PBXBuildFile; fileRef = FE7999FA2C1E8D0600417425 /* TextModifier.swift */; };
		FE7999FF2C1E990E00417425 /* MovieCollectionView.swift in Sources */ = {isa = PBXBuildFile; fileRef = FE7999FE2C1E990E00417425 /* MovieCollectionView.swift */; };
		FE799A022C1E996400417425 /* MovieCard.swift in Sources */ = {isa = PBXBuildFile; fileRef = FE799A012C1E996400417425 /* MovieCard.swift */; };
		FE799A082C1E9AF400417425 /* APIMappingProtocol.swift in Sources */ = {isa = PBXBuildFile; fileRef = FE799A072C1E9AF400417425 /* APIMappingProtocol.swift */; };
		FE799A0A2C1E9B3700417425 /* NullableMap.swift in Sources */ = {isa = PBXBuildFile; fileRef = FE799A092C1E9B3700417425 /* NullableMap.swift */; };
		FE799A0C2C1E9BBB00417425 /* BaseResponseModel.swift in Sources */ = {isa = PBXBuildFile; fileRef = FE799A0B2C1E9BBB00417425 /* BaseResponseModel.swift */; };
		FE799A0E2C1E9BEF00417425 /* ErrorModel.swift in Sources */ = {isa = PBXBuildFile; fileRef = FE799A0D2C1E9BEF00417425 /* ErrorModel.swift */; };
		FE799A102C1E9C2000417425 /* BaseProvider.swift in Sources */ = {isa = PBXBuildFile; fileRef = FE799A0F2C1E9C2000417425 /* BaseProvider.swift */; };
		FE799A122C1E9C4600417425 /* Reach.swift in Sources */ = {isa = PBXBuildFile; fileRef = FE799A112C1E9C4600417425 /* Reach.swift */; };
		FE799A152C1E9CA200417425 /* MovieProvider.swift in Sources */ = {isa = PBXBuildFile; fileRef = FE799A142C1E9CA200417425 /* MovieProvider.swift */; };
		FE799A172C1E9D1A00417425 /* MovieService.swift in Sources */ = {isa = PBXBuildFile; fileRef = FE799A162C1E9D1A00417425 /* MovieService.swift */; };
		FE799A192C1E9D3500417425 /* MovieModel.swift in Sources */ = {isa = PBXBuildFile; fileRef = FE799A182C1E9D3500417425 /* MovieModel.swift */; };
		FE799A1B2C1E9D6600417425 /* MovieViewModel.swift in Sources */ = {isa = PBXBuildFile; fileRef = FE799A1A2C1E9D6600417425 /* MovieViewModel.swift */; };
		FE799A212C1EB2A100417425 /* SearchField.swift in Sources */ = {isa = PBXBuildFile; fileRef = FE799A202C1EB2A100417425 /* SearchField.swift */; };
		FE799A252C1ED37000417425 /* MovieCacheModel.swift in Sources */ = {isa = PBXBuildFile; fileRef = FE799A242C1ED37000417425 /* MovieCacheModel.swift */; };
		FE799A282C1F36D600417425 /* LoadingView.swift in Sources */ = {isa = PBXBuildFile; fileRef = FE799A272C1F36D600417425 /* LoadingView.swift */; };
		FE799A2A2C1F52A300417425 /* MovieViewModelTests.swift in Sources */ = {isa = PBXBuildFile; fileRef = FE799A292C1F52A300417425 /* MovieViewModelTests.swift */; };
		FE7F05932C1D9FD600803B0D /* swiftui_omdbApp.swift in Sources */ = {isa = PBXBuildFile; fileRef = FE7F05922C1D9FD600803B0D /* swiftui_omdbApp.swift */; };
		FE7F05952C1D9FD600803B0D /* ContentView.swift in Sources */ = {isa = PBXBuildFile; fileRef = FE7F05942C1D9FD600803B0D /* ContentView.swift */; };
		FE7F05972C1D9FD700803B0D /* Assets.xcassets in Resources */ = {isa = PBXBuildFile; fileRef = FE7F05962C1D9FD700803B0D /* Assets.xcassets */; };
		FE7F059A2C1D9FD700803B0D /* Preview Assets.xcassets in Resources */ = {isa = PBXBuildFile; fileRef = FE7F05992C1D9FD700803B0D /* Preview Assets.xcassets */; };
		FE7F05A42C1D9FD700803B0D /* swiftui_omdbTests.swift in Sources */ = {isa = PBXBuildFile; fileRef = FE7F05A32C1D9FD700803B0D /* swiftui_omdbTests.swift */; };
		FE7F05AE2C1D9FD700803B0D /* swiftui_omdbUITests.swift in Sources */ = {isa = PBXBuildFile; fileRef = FE7F05AD2C1D9FD700803B0D /* swiftui_omdbUITests.swift */; };
		FE7F05B02C1D9FD700803B0D /* swiftui_omdbUITestsLaunchTests.swift in Sources */ = {isa = PBXBuildFile; fileRef = FE7F05AF2C1D9FD700803B0D /* swiftui_omdbUITestsLaunchTests.swift */; };
/* End PBXBuildFile section */

/* Begin PBXContainerItemProxy section */
		FE7F05A02C1D9FD700803B0D /* PBXContainerItemProxy */ = {
			isa = PBXContainerItemProxy;
			containerPortal = FE7F05872C1D9FD600803B0D /* Project object */;
			proxyType = 1;
			remoteGlobalIDString = FE7F058E2C1D9FD600803B0D;
			remoteInfo = "swiftui-omdb";
		};
		FE7F05AA2C1D9FD700803B0D /* PBXContainerItemProxy */ = {
			isa = PBXContainerItemProxy;
			containerPortal = FE7F05872C1D9FD600803B0D /* Project object */;
			proxyType = 1;
			remoteGlobalIDString = FE7F058E2C1D9FD600803B0D;
			remoteInfo = "swiftui-omdb";
		};
/* End PBXContainerItemProxy section */

/* Begin PBXFileReference section */
		298324DECE5D05E9708F2415 /* Pods-swiftui-omdb-swiftui-omdbUITests.release.xcconfig */ = {isa = PBXFileReference; includeInIndex = 1; lastKnownFileType = text.xcconfig; name = "Pods-swiftui-omdb-swiftui-omdbUITests.release.xcconfig"; path = "Target Support Files/Pods-swiftui-omdb-swiftui-omdbUITests/Pods-swiftui-omdb-swiftui-omdbUITests.release.xcconfig"; sourceTree = "<group>"; };
		5BC92408CF9F58E94763D80A /* Pods_swiftui_omdbTests.framework */ = {isa = PBXFileReference; explicitFileType = wrapper.framework; includeInIndex = 0; path = Pods_swiftui_omdbTests.framework; sourceTree = BUILT_PRODUCTS_DIR; };
		5F8A17F2B04FD0ED8C992669 /* Pods_swiftui_omdb.framework */ = {isa = PBXFileReference; explicitFileType = wrapper.framework; includeInIndex = 0; path = Pods_swiftui_omdb.framework; sourceTree = BUILT_PRODUCTS_DIR; };
		80A1AC35736F265AE88E6BB8 /* Pods-swiftui-omdbTests.release.xcconfig */ = {isa = PBXFileReference; includeInIndex = 1; lastKnownFileType = text.xcconfig; name = "Pods-swiftui-omdbTests.release.xcconfig"; path = "Target Support Files/Pods-swiftui-omdbTests/Pods-swiftui-omdbTests.release.xcconfig"; sourceTree = "<group>"; };
		84078EC5D7410D7307E2B70D /* Pods-swiftui-omdb.release.xcconfig */ = {isa = PBXFileReference; includeInIndex = 1; lastKnownFileType = text.xcconfig; name = "Pods-swiftui-omdb.release.xcconfig"; path = "Target Support Files/Pods-swiftui-omdb/Pods-swiftui-omdb.release.xcconfig"; sourceTree = "<group>"; };
		91D24244814C30AE150D0EFA /* Pods-swiftui-omdb-swiftui-omdbUITests.debug.xcconfig */ = {isa = PBXFileReference; includeInIndex = 1; lastKnownFileType = text.xcconfig; name = "Pods-swiftui-omdb-swiftui-omdbUITests.debug.xcconfig"; path = "Target Support Files/Pods-swiftui-omdb-swiftui-omdbUITests/Pods-swiftui-omdb-swiftui-omdbUITests.debug.xcconfig"; sourceTree = "<group>"; };
		B3241C2ADAD3BE10D324349C /* Pods_swiftui_omdb_swiftui_omdbUITests.framework */ = {isa = PBXFileReference; explicitFileType = wrapper.framework; includeInIndex = 0; path = Pods_swiftui_omdb_swiftui_omdbUITests.framework; sourceTree = BUILT_PRODUCTS_DIR; };
		D5E98B2B5CE8641B1E23AE1E /* Pods-swiftui-omdbTests.debug.xcconfig */ = {isa = PBXFileReference; includeInIndex = 1; lastKnownFileType = text.xcconfig; name = "Pods-swiftui-omdbTests.debug.xcconfig"; path = "Target Support Files/Pods-swiftui-omdbTests/Pods-swiftui-omdbTests.debug.xcconfig"; sourceTree = "<group>"; };
		FDC8B4A37E7CCE7A53828ACC /* Pods-swiftui-omdb.debug.xcconfig */ = {isa = PBXFileReference; includeInIndex = 1; lastKnownFileType = text.xcconfig; name = "Pods-swiftui-omdb.debug.xcconfig"; path = "Target Support Files/Pods-swiftui-omdb/Pods-swiftui-omdb.debug.xcconfig"; sourceTree = "<group>"; };
		FE7999F62C1E8A1600417425 /* MovieListView.swift */ = {isa = PBXFileReference; lastKnownFileType = sourcecode.swift; path = MovieListView.swift; sourceTree = "<group>"; };
		FE7999FA2C1E8D0600417425 /* TextModifier.swift */ = {isa = PBXFileReference; lastKnownFileType = sourcecode.swift; path = TextModifier.swift; sourceTree = "<group>"; };
		FE7999FE2C1E990E00417425 /* MovieCollectionView.swift */ = {isa = PBXFileReference; lastKnownFileType = sourcecode.swift; path = MovieCollectionView.swift; sourceTree = "<group>"; };
		FE799A012C1E996400417425 /* MovieCard.swift */ = {isa = PBXFileReference; lastKnownFileType = sourcecode.swift; path = MovieCard.swift; sourceTree = "<group>"; };
		FE799A072C1E9AF400417425 /* APIMappingProtocol.swift */ = {isa = PBXFileReference; lastKnownFileType = sourcecode.swift; path = APIMappingProtocol.swift; sourceTree = "<group>"; };
		FE799A092C1E9B3700417425 /* NullableMap.swift */ = {isa = PBXFileReference; lastKnownFileType = sourcecode.swift; path = NullableMap.swift; sourceTree = "<group>"; };
		FE799A0B2C1E9BBB00417425 /* BaseResponseModel.swift */ = {isa = PBXFileReference; lastKnownFileType = sourcecode.swift; path = BaseResponseModel.swift; sourceTree = "<group>"; };
		FE799A0D2C1E9BEF00417425 /* ErrorModel.swift */ = {isa = PBXFileReference; lastKnownFileType = sourcecode.swift; path = ErrorModel.swift; sourceTree = "<group>"; };
		FE799A0F2C1E9C2000417425 /* BaseProvider.swift */ = {isa = PBXFileReference; lastKnownFileType = sourcecode.swift; path = BaseProvider.swift; sourceTree = "<group>"; };
		FE799A112C1E9C4600417425 /* Reach.swift */ = {isa = PBXFileReference; lastKnownFileType = sourcecode.swift; path = Reach.swift; sourceTree = "<group>"; };
		FE799A142C1E9CA200417425 /* MovieProvider.swift */ = {isa = PBXFileReference; lastKnownFileType = sourcecode.swift; path = MovieProvider.swift; sourceTree = "<group>"; };
		FE799A162C1E9D1A00417425 /* MovieService.swift */ = {isa = PBXFileReference; lastKnownFileType = sourcecode.swift; path = MovieService.swift; sourceTree = "<group>"; };
		FE799A182C1E9D3500417425 /* MovieModel.swift */ = {isa = PBXFileReference; lastKnownFileType = sourcecode.swift; path = MovieModel.swift; sourceTree = "<group>"; };
		FE799A1A2C1E9D6600417425 /* MovieViewModel.swift */ = {isa = PBXFileReference; lastKnownFileType = sourcecode.swift; path = MovieViewModel.swift; sourceTree = "<group>"; };
		FE799A1C2C1EA39900417425 /* Info.plist */ = {isa = PBXFileReference; lastKnownFileType = text.plist; path = Info.plist; sourceTree = "<group>"; };
		FE799A202C1EB2A100417425 /* SearchField.swift */ = {isa = PBXFileReference; lastKnownFileType = sourcecode.swift; path = SearchField.swift; sourceTree = "<group>"; };
		FE799A242C1ED37000417425 /* MovieCacheModel.swift */ = {isa = PBXFileReference; lastKnownFileType = sourcecode.swift; path = MovieCacheModel.swift; sourceTree = "<group>"; };
		FE799A272C1F36D600417425 /* LoadingView.swift */ = {isa = PBXFileReference; lastKnownFileType = sourcecode.swift; path = LoadingView.swift; sourceTree = "<group>"; };
		FE799A292C1F52A300417425 /* MovieViewModelTests.swift */ = {isa = PBXFileReference; lastKnownFileType = sourcecode.swift; path = MovieViewModelTests.swift; sourceTree = "<group>"; };
		FE7F058F2C1D9FD600803B0D /* swiftui-omdb.app */ = {isa = PBXFileReference; explicitFileType = wrapper.application; includeInIndex = 0; path = "swiftui-omdb.app"; sourceTree = BUILT_PRODUCTS_DIR; };
		FE7F05922C1D9FD600803B0D /* swiftui_omdbApp.swift */ = {isa = PBXFileReference; lastKnownFileType = sourcecode.swift; path = swiftui_omdbApp.swift; sourceTree = "<group>"; };
		FE7F05942C1D9FD600803B0D /* ContentView.swift */ = {isa = PBXFileReference; lastKnownFileType = sourcecode.swift; path = ContentView.swift; sourceTree = "<group>"; };
		FE7F05962C1D9FD700803B0D /* Assets.xcassets */ = {isa = PBXFileReference; lastKnownFileType = folder.assetcatalog; path = Assets.xcassets; sourceTree = "<group>"; };
		FE7F05992C1D9FD700803B0D /* Preview Assets.xcassets */ = {isa = PBXFileReference; lastKnownFileType = folder.assetcatalog; path = "Preview Assets.xcassets"; sourceTree = "<group>"; };
		FE7F059F2C1D9FD700803B0D /* swiftui-omdbTests.xctest */ = {isa = PBXFileReference; explicitFileType = wrapper.cfbundle; includeInIndex = 0; path = "swiftui-omdbTests.xctest"; sourceTree = BUILT_PRODUCTS_DIR; };
		FE7F05A32C1D9FD700803B0D /* swiftui_omdbTests.swift */ = {isa = PBXFileReference; lastKnownFileType = sourcecode.swift; path = swiftui_omdbTests.swift; sourceTree = "<group>"; };
		FE7F05A92C1D9FD700803B0D /* swiftui-omdbUITests.xctest */ = {isa = PBXFileReference; explicitFileType = wrapper.cfbundle; includeInIndex = 0; path = "swiftui-omdbUITests.xctest"; sourceTree = BUILT_PRODUCTS_DIR; };
		FE7F05AD2C1D9FD700803B0D /* swiftui_omdbUITests.swift */ = {isa = PBXFileReference; lastKnownFileType = sourcecode.swift; path = swiftui_omdbUITests.swift; sourceTree = "<group>"; };
		FE7F05AF2C1D9FD700803B0D /* swiftui_omdbUITestsLaunchTests.swift */ = {isa = PBXFileReference; lastKnownFileType = sourcecode.swift; path = swiftui_omdbUITestsLaunchTests.swift; sourceTree = "<group>"; };
/* End PBXFileReference section */

/* Begin PBXFrameworksBuildPhase section */
		FE7F058C2C1D9FD600803B0D /* Frameworks */ = {
			isa = PBXFrameworksBuildPhase;
			buildActionMask = 2147483647;
			files = (
				9B7AEAC9E444C087207C53E3 /* Pods_swiftui_omdb.framework in Frameworks */,
			);
			runOnlyForDeploymentPostprocessing = 0;
		};
		FE7F059C2C1D9FD700803B0D /* Frameworks */ = {
			isa = PBXFrameworksBuildPhase;
			buildActionMask = 2147483647;
			files = (
				E84A769AFCA6E82B1CA19669 /* Pods_swiftui_omdbTests.framework in Frameworks */,
			);
			runOnlyForDeploymentPostprocessing = 0;
		};
		FE7F05A62C1D9FD700803B0D /* Frameworks */ = {
			isa = PBXFrameworksBuildPhase;
			buildActionMask = 2147483647;
			files = (
				332AF62E61CDCBA1074CDF14 /* Pods_swiftui_omdb_swiftui_omdbUITests.framework in Frameworks */,
			);
			runOnlyForDeploymentPostprocessing = 0;
		};
/* End PBXFrameworksBuildPhase section */

/* Begin PBXGroup section */
		C05621067B77331F6CCA5275 /* Frameworks */ = {
			isa = PBXGroup;
			children = (
				5F8A17F2B04FD0ED8C992669 /* Pods_swiftui_omdb.framework */,
				B3241C2ADAD3BE10D324349C /* Pods_swiftui_omdb_swiftui_omdbUITests.framework */,
				5BC92408CF9F58E94763D80A /* Pods_swiftui_omdbTests.framework */,
			);
			name = Frameworks;
			sourceTree = "<group>";
		};
		ECFDE057BD0CBA1E3A40FC4A /* Pods */ = {
			isa = PBXGroup;
			children = (
				FDC8B4A37E7CCE7A53828ACC /* Pods-swiftui-omdb.debug.xcconfig */,
				84078EC5D7410D7307E2B70D /* Pods-swiftui-omdb.release.xcconfig */,
				91D24244814C30AE150D0EFA /* Pods-swiftui-omdb-swiftui-omdbUITests.debug.xcconfig */,
				298324DECE5D05E9708F2415 /* Pods-swiftui-omdb-swiftui-omdbUITests.release.xcconfig */,
				D5E98B2B5CE8641B1E23AE1E /* Pods-swiftui-omdbTests.debug.xcconfig */,
				80A1AC35736F265AE88E6BB8 /* Pods-swiftui-omdbTests.release.xcconfig */,
			);
			path = Pods;
			sourceTree = "<group>";
		};
		FE7999F42C1E89F000417425 /* Modules */ = {
			isa = PBXGroup;
			children = (
				FE7999F52C1E89F800417425 /* Movie */,
			);
			path = Modules;
			sourceTree = "<group>";
		};
		FE7999F52C1E89F800417425 /* Movie */ = {
			isa = PBXGroup;
			children = (
				FE799A042C1E9A4E00417425 /* Model */,
				FE7999FC2C1E98D100417425 /* View */,
				FE799A032C1E9A4700417425 /* ViewModel */,
				FE799A052C1E9A6A00417425 /* Service */,
			);
			path = Movie;
			sourceTree = "<group>";
		};
		FE7999F82C1E8CF100417425 /* Utils */ = {
			isa = PBXGroup;
			children = (
				FE7999F92C1E8CF800417425 /* Modifiers */,
				FE799A092C1E9B3700417425 /* NullableMap.swift */,
				FE799A0B2C1E9BBB00417425 /* BaseResponseModel.swift */,
				FE799A0D2C1E9BEF00417425 /* ErrorModel.swift */,
				FE799A112C1E9C4600417425 /* Reach.swift */,
			);
			path = Utils;
			sourceTree = "<group>";
		};
		FE7999F92C1E8CF800417425 /* Modifiers */ = {
			isa = PBXGroup;
			children = (
				FE7999FA2C1E8D0600417425 /* TextModifier.swift */,
			);
			path = Modifiers;
			sourceTree = "<group>";
		};
		FE7999FC2C1E98D100417425 /* View */ = {
			isa = PBXGroup;
			children = (
				FE7999F62C1E8A1600417425 /* MovieListView.swift */,
				FE7999FD2C1E98DA00417425 /* MovieCollectionView */,
			);
			path = View;
			sourceTree = "<group>";
		};
		FE7999FD2C1E98DA00417425 /* MovieCollectionView */ = {
			isa = PBXGroup;
			children = (
				FE799A002C1E995300417425 /* MovieCard */,
				FE7999FE2C1E990E00417425 /* MovieCollectionView.swift */,
			);
			path = MovieCollectionView;
			sourceTree = "<group>";
		};
		FE799A002C1E995300417425 /* MovieCard */ = {
			isa = PBXGroup;
			children = (
				FE799A012C1E996400417425 /* MovieCard.swift */,
			);
			path = MovieCard;
			sourceTree = "<group>";
		};
		FE799A032C1E9A4700417425 /* ViewModel */ = {
			isa = PBXGroup;
			children = (
				FE799A1A2C1E9D6600417425 /* MovieViewModel.swift */,
			);
			path = ViewModel;
			sourceTree = "<group>";
		};
		FE799A042C1E9A4E00417425 /* Model */ = {
			isa = PBXGroup;
			children = (
				FE799A182C1E9D3500417425 /* MovieModel.swift */,
			);
			path = Model;
			sourceTree = "<group>";
		};
		FE799A052C1E9A6A00417425 /* Service */ = {
			isa = PBXGroup;
			children = (
				FE799A162C1E9D1A00417425 /* MovieService.swift */,
			);
			path = Service;
			sourceTree = "<group>";
		};
		FE799A062C1E9ABF00417425 /* Networking */ = {
			isa = PBXGroup;
			children = (
				FE799A132C1E9C9400417425 /* Providers */,
				FE799A072C1E9AF400417425 /* APIMappingProtocol.swift */,
				FE799A0F2C1E9C2000417425 /* BaseProvider.swift */,
			);
			path = Networking;
			sourceTree = "<group>";
		};
		FE799A132C1E9C9400417425 /* Providers */ = {
			isa = PBXGroup;
			children = (
				FE799A142C1E9CA200417425 /* MovieProvider.swift */,
			);
			path = Providers;
			sourceTree = "<group>";
		};
		FE799A1D2C1EB27B00417425 /* Helper */ = {
			isa = PBXGroup;
			children = (
				FE799A222C1ED34200417425 /* CacheStorage */,
				FE799A1E2C1EB28500417425 /* CustomView */,
			);
			path = Helper;
			sourceTree = "<group>";
		};
		FE799A1E2C1EB28500417425 /* CustomView */ = {
			isa = PBXGroup;
			children = (
				FE799A262C1F36C700417425 /* LoadingView */,
				FE799A1F2C1EB29000417425 /* SearchField */,
			);
			path = CustomView;
			sourceTree = "<group>";
		};
		FE799A1F2C1EB29000417425 /* SearchField */ = {
			isa = PBXGroup;
			children = (
				FE799A202C1EB2A100417425 /* SearchField.swift */,
			);
			path = SearchField;
			sourceTree = "<group>";
		};
		FE799A222C1ED34200417425 /* CacheStorage */ = {
			isa = PBXGroup;
			children = (
				FE799A232C1ED35600417425 /* Models */,
			);
			path = CacheStorage;
			sourceTree = "<group>";
		};
		FE799A232C1ED35600417425 /* Models */ = {
			isa = PBXGroup;
			children = (
				FE799A242C1ED37000417425 /* MovieCacheModel.swift */,
			);
			path = Models;
			sourceTree = "<group>";
		};
		FE799A262C1F36C700417425 /* LoadingView */ = {
			isa = PBXGroup;
			children = (
				FE799A272C1F36D600417425 /* LoadingView.swift */,
			);
			path = LoadingView;
			sourceTree = "<group>";
		};
		FE7F05862C1D9FD600803B0D = {
			isa = PBXGroup;
			children = (
				FE7F05912C1D9FD600803B0D /* swiftui-omdb */,
				FE7F05A22C1D9FD700803B0D /* swiftui-omdbTests */,
				FE7F05AC2C1D9FD700803B0D /* swiftui-omdbUITests */,
				FE7F05902C1D9FD600803B0D /* Products */,
				ECFDE057BD0CBA1E3A40FC4A /* Pods */,
				C05621067B77331F6CCA5275 /* Frameworks */,
			);
			sourceTree = "<group>";
		};
		FE7F05902C1D9FD600803B0D /* Products */ = {
			isa = PBXGroup;
			children = (
				FE7F058F2C1D9FD600803B0D /* swiftui-omdb.app */,
				FE7F059F2C1D9FD700803B0D /* swiftui-omdbTests.xctest */,
				FE7F05A92C1D9FD700803B0D /* swiftui-omdbUITests.xctest */,
			);
			name = Products;
			sourceTree = "<group>";
		};
		FE7F05912C1D9FD600803B0D /* swiftui-omdb */ = {
			isa = PBXGroup;
			children = (
				FE799A1D2C1EB27B00417425 /* Helper */,
				FE799A1C2C1EA39900417425 /* Info.plist */,
				FE799A062C1E9ABF00417425 /* Networking */,
				FE7999F82C1E8CF100417425 /* Utils */,
				FE7999F42C1E89F000417425 /* Modules */,
				FE7F05922C1D9FD600803B0D /* swiftui_omdbApp.swift */,
				FE7F05942C1D9FD600803B0D /* ContentView.swift */,
				FE7F05962C1D9FD700803B0D /* Assets.xcassets */,
				FE7F05982C1D9FD700803B0D /* Preview Content */,
			);
			path = "swiftui-omdb";
			sourceTree = "<group>";
		};
		FE7F05982C1D9FD700803B0D /* Preview Content */ = {
			isa = PBXGroup;
			children = (
				FE7F05992C1D9FD700803B0D /* Preview Assets.xcassets */,
			);
			path = "Preview Content";
			sourceTree = "<group>";
		};
		FE7F05A22C1D9FD700803B0D /* swiftui-omdbTests */ = {
			isa = PBXGroup;
			children = (
				FE7F05A32C1D9FD700803B0D /* swiftui_omdbTests.swift */,
				FE799A292C1F52A300417425 /* MovieViewModelTests.swift */,
			);
			path = "swiftui-omdbTests";
			sourceTree = "<group>";
		};
		FE7F05AC2C1D9FD700803B0D /* swiftui-omdbUITests */ = {
			isa = PBXGroup;
			children = (
				FE7F05AD2C1D9FD700803B0D /* swiftui_omdbUITests.swift */,
				FE7F05AF2C1D9FD700803B0D /* swiftui_omdbUITestsLaunchTests.swift */,
			);
			path = "swiftui-omdbUITests";
			sourceTree = "<group>";
		};
/* End PBXGroup section */

/* Begin PBXNativeTarget section */
		FE7F058E2C1D9FD600803B0D /* swiftui-omdb */ = {
			isa = PBXNativeTarget;
			buildConfigurationList = FE7F05B32C1D9FD700803B0D /* Build configuration list for PBXNativeTarget "swiftui-omdb" */;
			buildPhases = (
				515A395EF477C78A71471484 /* [CP] Check Pods Manifest.lock */,
				FE7F058B2C1D9FD600803B0D /* Sources */,
				FE7F058C2C1D9FD600803B0D /* Frameworks */,
				FE7F058D2C1D9FD600803B0D /* Resources */,
				A6B96F7BA70F081D6F828099 /* [CP] Embed Pods Frameworks */,
			);
			buildRules = (
			);
			dependencies = (
			);
			name = "swiftui-omdb";
			productName = "swiftui-omdb";
			productReference = FE7F058F2C1D9FD600803B0D /* swiftui-omdb.app */;
			productType = "com.apple.product-type.application";
		};
		FE7F059E2C1D9FD700803B0D /* swiftui-omdbTests */ = {
			isa = PBXNativeTarget;
			buildConfigurationList = FE7F05B62C1D9FD700803B0D /* Build configuration list for PBXNativeTarget "swiftui-omdbTests" */;
			buildPhases = (
				DC77BB4101CBB4848A786623 /* [CP] Check Pods Manifest.lock */,
				FE7F059B2C1D9FD700803B0D /* Sources */,
				FE7F059C2C1D9FD700803B0D /* Frameworks */,
				FE7F059D2C1D9FD700803B0D /* Resources */,
			);
			buildRules = (
			);
			dependencies = (
				FE7F05A12C1D9FD700803B0D /* PBXTargetDependency */,
			);
			name = "swiftui-omdbTests";
			productName = "swiftui-omdbTests";
			productReference = FE7F059F2C1D9FD700803B0D /* swiftui-omdbTests.xctest */;
			productType = "com.apple.product-type.bundle.unit-test";
		};
		FE7F05A82C1D9FD700803B0D /* swiftui-omdbUITests */ = {
			isa = PBXNativeTarget;
			buildConfigurationList = FE7F05B92C1D9FD700803B0D /* Build configuration list for PBXNativeTarget "swiftui-omdbUITests" */;
			buildPhases = (
				B040F58D587B05F8389F6740 /* [CP] Check Pods Manifest.lock */,
				FE7F05A52C1D9FD700803B0D /* Sources */,
				FE7F05A62C1D9FD700803B0D /* Frameworks */,
				FE7F05A72C1D9FD700803B0D /* Resources */,
				2D4B1EBBA7B8684B0DD15421 /* [CP] Embed Pods Frameworks */,
			);
			buildRules = (
			);
			dependencies = (
				FE7F05AB2C1D9FD700803B0D /* PBXTargetDependency */,
			);
			name = "swiftui-omdbUITests";
			productName = "swiftui-omdbUITests";
			productReference = FE7F05A92C1D9FD700803B0D /* swiftui-omdbUITests.xctest */;
			productType = "com.apple.product-type.bundle.ui-testing";
		};
/* End PBXNativeTarget section */

/* Begin PBXProject section */
		FE7F05872C1D9FD600803B0D /* Project object */ = {
			isa = PBXProject;
			attributes = {
				BuildIndependentTargetsInParallel = 1;
				LastSwiftUpdateCheck = 1540;
				LastUpgradeCheck = 1540;
				TargetAttributes = {
					FE7F058E2C1D9FD600803B0D = {
						CreatedOnToolsVersion = 15.4;
					};
					FE7F059E2C1D9FD700803B0D = {
						CreatedOnToolsVersion = 15.4;
						TestTargetID = FE7F058E2C1D9FD600803B0D;
					};
					FE7F05A82C1D9FD700803B0D = {
						CreatedOnToolsVersion = 15.4;
						TestTargetID = FE7F058E2C1D9FD600803B0D;
					};
				};
			};
			buildConfigurationList = FE7F058A2C1D9FD600803B0D /* Build configuration list for PBXProject "swiftui-omdb" */;
			compatibilityVersion = "Xcode 14.0";
			developmentRegion = en;
			hasScannedForEncodings = 0;
			knownRegions = (
				en,
				Base,
			);
			mainGroup = FE7F05862C1D9FD600803B0D;
			productRefGroup = FE7F05902C1D9FD600803B0D /* Products */;
			projectDirPath = "";
			projectRoot = "";
			targets = (
				FE7F058E2C1D9FD600803B0D /* swiftui-omdb */,
				FE7F059E2C1D9FD700803B0D /* swiftui-omdbTests */,
				FE7F05A82C1D9FD700803B0D /* swiftui-omdbUITests */,
			);
		};
/* End PBXProject section */

/* Begin PBXResourcesBuildPhase section */
		FE7F058D2C1D9FD600803B0D /* Resources */ = {
			isa = PBXResourcesBuildPhase;
			buildActionMask = 2147483647;
			files = (
				FE7F059A2C1D9FD700803B0D /* Preview Assets.xcassets in Resources */,
				FE7F05972C1D9FD700803B0D /* Assets.xcassets in Resources */,
			);
			runOnlyForDeploymentPostprocessing = 0;
		};
		FE7F059D2C1D9FD700803B0D /* Resources */ = {
			isa = PBXResourcesBuildPhase;
			buildActionMask = 2147483647;
			files = (
			);
			runOnlyForDeploymentPostprocessing = 0;
		};
		FE7F05A72C1D9FD700803B0D /* Resources */ = {
			isa = PBXResourcesBuildPhase;
			buildActionMask = 2147483647;
			files = (
			);
			runOnlyForDeploymentPostprocessing = 0;
		};
/* End PBXResourcesBuildPhase section */

/* Begin PBXShellScriptBuildPhase section */
		2D4B1EBBA7B8684B0DD15421 /* [CP] Embed Pods Frameworks */ = {
			isa = PBXShellScriptBuildPhase;
			buildActionMask = 2147483647;
			files = (
			);
			inputFileListPaths = (
				"${PODS_ROOT}/Target Support Files/Pods-swiftui-omdb-swiftui-omdbUITests/Pods-swiftui-omdb-swiftui-omdbUITests-frameworks-${CONFIGURATION}-input-files.xcfilelist",
			);
			name = "[CP] Embed Pods Frameworks";
			outputFileListPaths = (
				"${PODS_ROOT}/Target Support Files/Pods-swiftui-omdb-swiftui-omdbUITests/Pods-swiftui-omdb-swiftui-omdbUITests-frameworks-${CONFIGURATION}-output-files.xcfilelist",
			);
			runOnlyForDeploymentPostprocessing = 0;
			shellPath = /bin/sh;
			shellScript = "\"${PODS_ROOT}/Target Support Files/Pods-swiftui-omdb-swiftui-omdbUITests/Pods-swiftui-omdb-swiftui-omdbUITests-frameworks.sh\"\n";
			showEnvVarsInLog = 0;
		};
		515A395EF477C78A71471484 /* [CP] Check Pods Manifest.lock */ = {
			isa = PBXShellScriptBuildPhase;
			buildActionMask = 2147483647;
			files = (
			);
			inputFileListPaths = (
			);
			inputPaths = (
				"${PODS_PODFILE_DIR_PATH}/Podfile.lock",
				"${PODS_ROOT}/Manifest.lock",
			);
			name = "[CP] Check Pods Manifest.lock";
			outputFileListPaths = (
			);
			outputPaths = (
				"$(DERIVED_FILE_DIR)/Pods-swiftui-omdb-checkManifestLockResult.txt",
			);
			runOnlyForDeploymentPostprocessing = 0;
			shellPath = /bin/sh;
			shellScript = "diff \"${PODS_PODFILE_DIR_PATH}/Podfile.lock\" \"${PODS_ROOT}/Manifest.lock\" > /dev/null\nif [ $? != 0 ] ; then\n    # print error to STDERR\n    echo \"error: The sandbox is not in sync with the Podfile.lock. Run 'pod install' or update your CocoaPods installation.\" >&2\n    exit 1\nfi\n# This output is used by Xcode 'outputs' to avoid re-running this script phase.\necho \"SUCCESS\" > \"${SCRIPT_OUTPUT_FILE_0}\"\n";
			showEnvVarsInLog = 0;
		};
		A6B96F7BA70F081D6F828099 /* [CP] Embed Pods Frameworks */ = {
			isa = PBXShellScriptBuildPhase;
			buildActionMask = 2147483647;
			files = (
			);
			inputFileListPaths = (
				"${PODS_ROOT}/Target Support Files/Pods-swiftui-omdb/Pods-swiftui-omdb-frameworks-${CONFIGURATION}-input-files.xcfilelist",
			);
			name = "[CP] Embed Pods Frameworks";
			outputFileListPaths = (
				"${PODS_ROOT}/Target Support Files/Pods-swiftui-omdb/Pods-swiftui-omdb-frameworks-${CONFIGURATION}-output-files.xcfilelist",
			);
			runOnlyForDeploymentPostprocessing = 0;
			shellPath = /bin/sh;
			shellScript = "\"${PODS_ROOT}/Target Support Files/Pods-swiftui-omdb/Pods-swiftui-omdb-frameworks.sh\"\n";
			showEnvVarsInLog = 0;
		};
		B040F58D587B05F8389F6740 /* [CP] Check Pods Manifest.lock */ = {
			isa = PBXShellScriptBuildPhase;
			buildActionMask = 2147483647;
			files = (
			);
			inputFileListPaths = (
			);
			inputPaths = (
				"${PODS_PODFILE_DIR_PATH}/Podfile.lock",
				"${PODS_ROOT}/Manifest.lock",
			);
			name = "[CP] Check Pods Manifest.lock";
			outputFileListPaths = (
			);
			outputPaths = (
				"$(DERIVED_FILE_DIR)/Pods-swiftui-omdb-swiftui-omdbUITests-checkManifestLockResult.txt",
			);
			runOnlyForDeploymentPostprocessing = 0;
			shellPath = /bin/sh;
			shellScript = "diff \"${PODS_PODFILE_DIR_PATH}/Podfile.lock\" \"${PODS_ROOT}/Manifest.lock\" > /dev/null\nif [ $? != 0 ] ; then\n    # print error to STDERR\n    echo \"error: The sandbox is not in sync with the Podfile.lock. Run 'pod install' or update your CocoaPods installation.\" >&2\n    exit 1\nfi\n# This output is used by Xcode 'outputs' to avoid re-running this script phase.\necho \"SUCCESS\" > \"${SCRIPT_OUTPUT_FILE_0}\"\n";
			showEnvVarsInLog = 0;
		};
		DC77BB4101CBB4848A786623 /* [CP] Check Pods Manifest.lock */ = {
			isa = PBXShellScriptBuildPhase;
			buildActionMask = 2147483647;
			files = (
			);
			inputFileListPaths = (
			);
			inputPaths = (
				"${PODS_PODFILE_DIR_PATH}/Podfile.lock",
				"${PODS_ROOT}/Manifest.lock",
			);
			name = "[CP] Check Pods Manifest.lock";
			outputFileListPaths = (
			);
			outputPaths = (
				"$(DERIVED_FILE_DIR)/Pods-swiftui-omdbTests-checkManifestLockResult.txt",
			);
			runOnlyForDeploymentPostprocessing = 0;
			shellPath = /bin/sh;
			shellScript = "diff \"${PODS_PODFILE_DIR_PATH}/Podfile.lock\" \"${PODS_ROOT}/Manifest.lock\" > /dev/null\nif [ $? != 0 ] ; then\n    # print error to STDERR\n    echo \"error: The sandbox is not in sync with the Podfile.lock. Run 'pod install' or update your CocoaPods installation.\" >&2\n    exit 1\nfi\n# This output is used by Xcode 'outputs' to avoid re-running this script phase.\necho \"SUCCESS\" > \"${SCRIPT_OUTPUT_FILE_0}\"\n";
			showEnvVarsInLog = 0;
		};
/* End PBXShellScriptBuildPhase section */

/* Begin PBXSourcesBuildPhase section */
		FE7F058B2C1D9FD600803B0D /* Sources */ = {
			isa = PBXSourcesBuildPhase;
			buildActionMask = 2147483647;
			files = (
				FE799A102C1E9C2000417425 /* BaseProvider.swift in Sources */,
				FE799A122C1E9C4600417425 /* Reach.swift in Sources */,
				FE799A0E2C1E9BEF00417425 /* ErrorModel.swift in Sources */,
				FE799A0C2C1E9BBB00417425 /* BaseResponseModel.swift in Sources */,
				FE7F05952C1D9FD600803B0D /* ContentView.swift in Sources */,
				FE799A0A2C1E9B3700417425 /* NullableMap.swift in Sources */,
				FE799A172C1E9D1A00417425 /* MovieService.swift in Sources */,
				FE799A212C1EB2A100417425 /* SearchField.swift in Sources */,
				FE799A082C1E9AF400417425 /* APIMappingProtocol.swift in Sources */,
				FE7999FB2C1E8D0600417425 /* TextModifier.swift in Sources */,
				FE799A022C1E996400417425 /* MovieCard.swift in Sources */,
				FE7F05932C1D9FD600803B0D /* swiftui_omdbApp.swift in Sources */,
				FE799A1B2C1E9D6600417425 /* MovieViewModel.swift in Sources */,
				FE7999FF2C1E990E00417425 /* MovieCollectionView.swift in Sources */,
				FE799A192C1E9D3500417425 /* MovieModel.swift in Sources */,
				FE799A252C1ED37000417425 /* MovieCacheModel.swift in Sources */,
				FE799A152C1E9CA200417425 /* MovieProvider.swift in Sources */,
				FE799A282C1F36D600417425 /* LoadingView.swift in Sources */,
				FE7999F72C1E8A1600417425 /* MovieListView.swift in Sources */,
			);
			runOnlyForDeploymentPostprocessing = 0;
		};
		FE7F059B2C1D9FD700803B0D /* Sources */ = {
			isa = PBXSourcesBuildPhase;
			buildActionMask = 2147483647;
			files = (
				FE7F05A42C1D9FD700803B0D /* swiftui_omdbTests.swift in Sources */,
				FE799A2A2C1F52A300417425 /* MovieViewModelTests.swift in Sources */,
			);
			runOnlyForDeploymentPostprocessing = 0;
		};
		FE7F05A52C1D9FD700803B0D /* Sources */ = {
			isa = PBXSourcesBuildPhase;
			buildActionMask = 2147483647;
			files = (
				FE7F05B02C1D9FD700803B0D /* swiftui_omdbUITestsLaunchTests.swift in Sources */,
				FE7F05AE2C1D9FD700803B0D /* swiftui_omdbUITests.swift in Sources */,
			);
			runOnlyForDeploymentPostprocessing = 0;
		};
/* End PBXSourcesBuildPhase section */

/* Begin PBXTargetDependency section */
		FE7F05A12C1D9FD700803B0D /* PBXTargetDependency */ = {
			isa = PBXTargetDependency;
			target = FE7F058E2C1D9FD600803B0D /* swiftui-omdb */;
			targetProxy = FE7F05A02C1D9FD700803B0D /* PBXContainerItemProxy */;
		};
		FE7F05AB2C1D9FD700803B0D /* PBXTargetDependency */ = {
			isa = PBXTargetDependency;
			target = FE7F058E2C1D9FD600803B0D /* swiftui-omdb */;
			targetProxy = FE7F05AA2C1D9FD700803B0D /* PBXContainerItemProxy */;
		};
/* End PBXTargetDependency section */

/* Begin XCBuildConfiguration section */
		FE7F05B12C1D9FD700803B0D /* Debug */ = {
			isa = XCBuildConfiguration;
			buildSettings = {
				ALWAYS_SEARCH_USER_PATHS = NO;
				ASSETCATALOG_COMPILER_GENERATE_SWIFT_ASSET_SYMBOL_EXTENSIONS = YES;
				CLANG_ANALYZER_NONNULL = YES;
				CLANG_ANALYZER_NUMBER_OBJECT_CONVERSION = YES_AGGRESSIVE;
				CLANG_CXX_LANGUAGE_STANDARD = "gnu++20";
				CLANG_ENABLE_MODULES = YES;
				CLANG_ENABLE_OBJC_ARC = YES;
				CLANG_ENABLE_OBJC_WEAK = YES;
				CLANG_WARN_BLOCK_CAPTURE_AUTORELEASING = YES;
				CLANG_WARN_BOOL_CONVERSION = YES;
				CLANG_WARN_COMMA = YES;
				CLANG_WARN_CONSTANT_CONVERSION = YES;
				CLANG_WARN_DEPRECATED_OBJC_IMPLEMENTATIONS = YES;
				CLANG_WARN_DIRECT_OBJC_ISA_USAGE = YES_ERROR;
				CLANG_WARN_DOCUMENTATION_COMMENTS = YES;
				CLANG_WARN_EMPTY_BODY = YES;
				CLANG_WARN_ENUM_CONVERSION = YES;
				CLANG_WARN_INFINITE_RECURSION = YES;
				CLANG_WARN_INT_CONVERSION = YES;
				CLANG_WARN_NON_LITERAL_NULL_CONVERSION = YES;
				CLANG_WARN_OBJC_IMPLICIT_RETAIN_SELF = YES;
				CLANG_WARN_OBJC_LITERAL_CONVERSION = YES;
				CLANG_WARN_OBJC_ROOT_CLASS = YES_ERROR;
				CLANG_WARN_QUOTED_INCLUDE_IN_FRAMEWORK_HEADER = YES;
				CLANG_WARN_RANGE_LOOP_ANALYSIS = YES;
				CLANG_WARN_STRICT_PROTOTYPES = YES;
				CLANG_WARN_SUSPICIOUS_MOVE = YES;
				CLANG_WARN_UNGUARDED_AVAILABILITY = YES_AGGRESSIVE;
				CLANG_WARN_UNREACHABLE_CODE = YES;
				CLANG_WARN__DUPLICATE_METHOD_MATCH = YES;
				COPY_PHASE_STRIP = NO;
				DEBUG_INFORMATION_FORMAT = dwarf;
				ENABLE_STRICT_OBJC_MSGSEND = YES;
				ENABLE_TESTABILITY = YES;
				ENABLE_USER_SCRIPT_SANDBOXING = NO;
				GCC_C_LANGUAGE_STANDARD = gnu17;
				GCC_DYNAMIC_NO_PIC = NO;
				GCC_NO_COMMON_BLOCKS = YES;
				GCC_OPTIMIZATION_LEVEL = 0;
				GCC_PREPROCESSOR_DEFINITIONS = (
					"DEBUG=1",
					"$(inherited)",
				);
				GCC_WARN_64_TO_32_BIT_CONVERSION = YES;
				GCC_WARN_ABOUT_RETURN_TYPE = YES_ERROR;
				GCC_WARN_UNDECLARED_SELECTOR = YES;
				GCC_WARN_UNINITIALIZED_AUTOS = YES_AGGRESSIVE;
				GCC_WARN_UNUSED_FUNCTION = YES;
				GCC_WARN_UNUSED_VARIABLE = YES;
				IPHONEOS_DEPLOYMENT_TARGET = 17.5;
				LOCALIZATION_PREFERS_STRING_CATALOGS = YES;
				MTL_ENABLE_DEBUG_INFO = INCLUDE_SOURCE;
				MTL_FAST_MATH = YES;
				ONLY_ACTIVE_ARCH = YES;
				SDKROOT = iphoneos;
				SWIFT_ACTIVE_COMPILATION_CONDITIONS = "DEBUG $(inherited)";
				SWIFT_OPTIMIZATION_LEVEL = "-Onone";
			};
			name = Debug;
		};
		FE7F05B22C1D9FD700803B0D /* Release */ = {
			isa = XCBuildConfiguration;
			buildSettings = {
				ALWAYS_SEARCH_USER_PATHS = NO;
				ASSETCATALOG_COMPILER_GENERATE_SWIFT_ASSET_SYMBOL_EXTENSIONS = YES;
				CLANG_ANALYZER_NONNULL = YES;
				CLANG_ANALYZER_NUMBER_OBJECT_CONVERSION = YES_AGGRESSIVE;
				CLANG_CXX_LANGUAGE_STANDARD = "gnu++20";
				CLANG_ENABLE_MODULES = YES;
				CLANG_ENABLE_OBJC_ARC = YES;
				CLANG_ENABLE_OBJC_WEAK = YES;
				CLANG_WARN_BLOCK_CAPTURE_AUTORELEASING = YES;
				CLANG_WARN_BOOL_CONVERSION = YES;
				CLANG_WARN_COMMA = YES;
				CLANG_WARN_CONSTANT_CONVERSION = YES;
				CLANG_WARN_DEPRECATED_OBJC_IMPLEMENTATIONS = YES;
				CLANG_WARN_DIRECT_OBJC_ISA_USAGE = YES_ERROR;
				CLANG_WARN_DOCUMENTATION_COMMENTS = YES;
				CLANG_WARN_EMPTY_BODY = YES;
				CLANG_WARN_ENUM_CONVERSION = YES;
				CLANG_WARN_INFINITE_RECURSION = YES;
				CLANG_WARN_INT_CONVERSION = YES;
				CLANG_WARN_NON_LITERAL_NULL_CONVERSION = YES;
				CLANG_WARN_OBJC_IMPLICIT_RETAIN_SELF = YES;
				CLANG_WARN_OBJC_LITERAL_CONVERSION = YES;
				CLANG_WARN_OBJC_ROOT_CLASS = YES_ERROR;
				CLANG_WARN_QUOTED_INCLUDE_IN_FRAMEWORK_HEADER = YES;
				CLANG_WARN_RANGE_LOOP_ANALYSIS = YES;
				CLANG_WARN_STRICT_PROTOTYPES = YES;
				CLANG_WARN_SUSPICIOUS_MOVE = YES;
				CLANG_WARN_UNGUARDED_AVAILABILITY = YES_AGGRESSIVE;
				CLANG_WARN_UNREACHABLE_CODE = YES;
				CLANG_WARN__DUPLICATE_METHOD_MATCH = YES;
				COPY_PHASE_STRIP = NO;
				DEBUG_INFORMATION_FORMAT = "dwarf-with-dsym";
				ENABLE_NS_ASSERTIONS = NO;
				ENABLE_STRICT_OBJC_MSGSEND = YES;
				ENABLE_USER_SCRIPT_SANDBOXING = NO;
				GCC_C_LANGUAGE_STANDARD = gnu17;
				GCC_NO_COMMON_BLOCKS = YES;
				GCC_WARN_64_TO_32_BIT_CONVERSION = YES;
				GCC_WARN_ABOUT_RETURN_TYPE = YES_ERROR;
				GCC_WARN_UNDECLARED_SELECTOR = YES;
				GCC_WARN_UNINITIALIZED_AUTOS = YES_AGGRESSIVE;
				GCC_WARN_UNUSED_FUNCTION = YES;
				GCC_WARN_UNUSED_VARIABLE = YES;
				IPHONEOS_DEPLOYMENT_TARGET = 17.5;
				LOCALIZATION_PREFERS_STRING_CATALOGS = YES;
				MTL_ENABLE_DEBUG_INFO = NO;
				MTL_FAST_MATH = YES;
				SDKROOT = iphoneos;
				SWIFT_COMPILATION_MODE = wholemodule;
				VALIDATE_PRODUCT = YES;
			};
			name = Release;
		};
		FE7F05B42C1D9FD700803B0D /* Debug */ = {
			isa = XCBuildConfiguration;
			baseConfigurationReference = FDC8B4A37E7CCE7A53828ACC /* Pods-swiftui-omdb.debug.xcconfig */;
			buildSettings = {
				ASSETCATALOG_COMPILER_APPICON_NAME = AppIcon;
				ASSETCATALOG_COMPILER_GLOBAL_ACCENT_COLOR_NAME = AccentColor;
				CODE_SIGN_STYLE = Automatic;
				CURRENT_PROJECT_VERSION = 1;
				DEVELOPMENT_ASSET_PATHS = "\"swiftui-omdb/Preview Content\"";
				DEVELOPMENT_TEAM = 292P5QPB73;
				ENABLE_PREVIEWS = YES;
				ENABLE_USER_SCRIPT_SANDBOXING = NO;
				GENERATE_INFOPLIST_FILE = YES;
				INFOPLIST_FILE = "swiftui-omdb/Info.plist";
				INFOPLIST_KEY_UIApplicationSceneManifest_Generation = YES;
				INFOPLIST_KEY_UIApplicationSupportsIndirectInputEvents = YES;
				INFOPLIST_KEY_UILaunchScreen_Generation = YES;
				INFOPLIST_KEY_UISupportedInterfaceOrientations_iPad = "UIInterfaceOrientationPortrait UIInterfaceOrientationPortraitUpsideDown UIInterfaceOrientationLandscapeLeft UIInterfaceOrientationLandscapeRight";
				INFOPLIST_KEY_UISupportedInterfaceOrientations_iPhone = "UIInterfaceOrientationPortrait UIInterfaceOrientationLandscapeLeft UIInterfaceOrientationLandscapeRight";
				IPHONEOS_DEPLOYMENT_TARGET = 16.0;
				LD_RUNPATH_SEARCH_PATHS = (
					"$(inherited)",
					"@executable_path/Frameworks",
				);
				MARKETING_VERSION = 1.0;
				PRODUCT_BUNDLE_IDENTIFIER = "com.taufiq.swiftui-omdb";
				PRODUCT_NAME = "$(TARGET_NAME)";
				SWIFT_EMIT_LOC_STRINGS = YES;
				SWIFT_VERSION = 5.0;
				TARGETED_DEVICE_FAMILY = "1,2";
			};
			name = Debug;
		};
		FE7F05B52C1D9FD700803B0D /* Release */ = {
			isa = XCBuildConfiguration;
			baseConfigurationReference = 84078EC5D7410D7307E2B70D /* Pods-swiftui-omdb.release.xcconfig */;
			buildSettings = {
				ASSETCATALOG_COMPILER_APPICON_NAME = AppIcon;
				ASSETCATALOG_COMPILER_GLOBAL_ACCENT_COLOR_NAME = AccentColor;
				CODE_SIGN_STYLE = Automatic;
				CURRENT_PROJECT_VERSION = 1;
				DEVELOPMENT_ASSET_PATHS = "\"swiftui-omdb/Preview Content\"";
				DEVELOPMENT_TEAM = 292P5QPB73;
				ENABLE_PREVIEWS = YES;
				ENABLE_USER_SCRIPT_SANDBOXING = NO;
				GENERATE_INFOPLIST_FILE = YES;
				INFOPLIST_FILE = "swiftui-omdb/Info.plist";
				INFOPLIST_KEY_UIApplicationSceneManifest_Generation = YES;
				INFOPLIST_KEY_UIApplicationSupportsIndirectInputEvents = YES;
				INFOPLIST_KEY_UILaunchScreen_Generation = YES;
				INFOPLIST_KEY_UISupportedInterfaceOrientations_iPad = "UIInterfaceOrientationPortrait UIInterfaceOrientationPortraitUpsideDown UIInterfaceOrientationLandscapeLeft UIInterfaceOrientationLandscapeRight";
				INFOPLIST_KEY_UISupportedInterfaceOrientations_iPhone = "UIInterfaceOrientationPortrait UIInterfaceOrientationLandscapeLeft UIInterfaceOrientationLandscapeRight";
				IPHONEOS_DEPLOYMENT_TARGET = 16.0;
				LD_RUNPATH_SEARCH_PATHS = (
					"$(inherited)",
					"@executable_path/Frameworks",
				);
				MARKETING_VERSION = 1.0;
				PRODUCT_BUNDLE_IDENTIFIER = "com.taufiq.swiftui-omdb";
				PRODUCT_NAME = "$(TARGET_NAME)";
				SWIFT_EMIT_LOC_STRINGS = YES;
				SWIFT_VERSION = 5.0;
				TARGETED_DEVICE_FAMILY = "1,2";
			};
			name = Release;
		};
		FE7F05B72C1D9FD700803B0D /* Debug */ = {
			isa = XCBuildConfiguration;
			baseConfigurationReference = D5E98B2B5CE8641B1E23AE1E /* Pods-swiftui-omdbTests.debug.xcconfig */;
			buildSettings = {
				ALWAYS_EMBED_SWIFT_STANDARD_LIBRARIES = YES;
				BUNDLE_LOADER = "$(TEST_HOST)";
				CODE_SIGN_STYLE = Automatic;
				CURRENT_PROJECT_VERSION = 1;
				DEVELOPMENT_TEAM = 292P5QPB73;
				ENABLE_USER_SCRIPT_SANDBOXING = NO;
				GENERATE_INFOPLIST_FILE = YES;
				IPHONEOS_DEPLOYMENT_TARGET = 17.5;
				MARKETING_VERSION = 1.0;
				PRODUCT_BUNDLE_IDENTIFIER = "com.taufiq.swiftui-omdbTests";
				PRODUCT_NAME = "$(TARGET_NAME)";
				SWIFT_EMIT_LOC_STRINGS = NO;
				SWIFT_VERSION = 5.0;
				TARGETED_DEVICE_FAMILY = "1,2";
				TEST_HOST = "$(BUILT_PRODUCTS_DIR)/swiftui-omdb.app/$(BUNDLE_EXECUTABLE_FOLDER_PATH)/swiftui-omdb";
			};
			name = Debug;
		};
		FE7F05B82C1D9FD700803B0D /* Release */ = {
			isa = XCBuildConfiguration;
			baseConfigurationReference = 80A1AC35736F265AE88E6BB8 /* Pods-swiftui-omdbTests.release.xcconfig */;
			buildSettings = {
				ALWAYS_EMBED_SWIFT_STANDARD_LIBRARIES = YES;
				BUNDLE_LOADER = "$(TEST_HOST)";
				CODE_SIGN_STYLE = Automatic;
				CURRENT_PROJECT_VERSION = 1;
				DEVELOPMENT_TEAM = 292P5QPB73;
				ENABLE_USER_SCRIPT_SANDBOXING = NO;
				GENERATE_INFOPLIST_FILE = YES;
				IPHONEOS_DEPLOYMENT_TARGET = 17.5;
				MARKETING_VERSION = 1.0;
				PRODUCT_BUNDLE_IDENTIFIER = "com.taufiq.swiftui-omdbTests";
				PRODUCT_NAME = "$(TARGET_NAME)";
				SWIFT_EMIT_LOC_STRINGS = NO;
				SWIFT_VERSION = 5.0;
				TARGETED_DEVICE_FAMILY = "1,2";
				TEST_HOST = "$(BUILT_PRODUCTS_DIR)/swiftui-omdb.app/$(BUNDLE_EXECUTABLE_FOLDER_PATH)/swiftui-omdb";
			};
			name = Release;
		};
		FE7F05BA2C1D9FD700803B0D /* Debug */ = {
			isa = XCBuildConfiguration;
			baseConfigurationReference = 91D24244814C30AE150D0EFA /* Pods-swiftui-omdb-swiftui-omdbUITests.debug.xcconfig */;
			buildSettings = {
				ALWAYS_EMBED_SWIFT_STANDARD_LIBRARIES = YES;
				CODE_SIGN_STYLE = Automatic;
				CURRENT_PROJECT_VERSION = 1;
				DEVELOPMENT_TEAM = 292P5QPB73;
				GENERATE_INFOPLIST_FILE = YES;
				MARKETING_VERSION = 1.0;
				PRODUCT_BUNDLE_IDENTIFIER = "com.taufiq.swiftui-omdbUITests";
				PRODUCT_NAME = "$(TARGET_NAME)";
				SWIFT_EMIT_LOC_STRINGS = NO;
				SWIFT_VERSION = 5.0;
				TARGETED_DEVICE_FAMILY = "1,2";
				TEST_TARGET_NAME = "swiftui-omdb";
			};
			name = Debug;
		};
		FE7F05BB2C1D9FD700803B0D /* Release */ = {
			isa = XCBuildConfiguration;
			baseConfigurationReference = 298324DECE5D05E9708F2415 /* Pods-swiftui-omdb-swiftui-omdbUITests.release.xcconfig */;
			buildSettings = {
				ALWAYS_EMBED_SWIFT_STANDARD_LIBRARIES = YES;
				CODE_SIGN_STYLE = Automatic;
				CURRENT_PROJECT_VERSION = 1;
				DEVELOPMENT_TEAM = 292P5QPB73;
				GENERATE_INFOPLIST_FILE = YES;
				MARKETING_VERSION = 1.0;
				PRODUCT_BUNDLE_IDENTIFIER = "com.taufiq.swiftui-omdbUITests";
				PRODUCT_NAME = "$(TARGET_NAME)";
				SWIFT_EMIT_LOC_STRINGS = NO;
				SWIFT_VERSION = 5.0;
				TARGETED_DEVICE_FAMILY = "1,2";
				TEST_TARGET_NAME = "swiftui-omdb";
			};
			name = Release;
		};
/* End XCBuildConfiguration section */

/* Begin XCConfigurationList section */
		FE7F058A2C1D9FD600803B0D /* Build configuration list for PBXProject "swiftui-omdb" */ = {
			isa = XCConfigurationList;
			buildConfigurations = (
				FE7F05B12C1D9FD700803B0D /* Debug */,
				FE7F05B22C1D9FD700803B0D /* Release */,
			);
			defaultConfigurationIsVisible = 0;
			defaultConfigurationName = Release;
		};
		FE7F05B32C1D9FD700803B0D /* Build configuration list for PBXNativeTarget "swiftui-omdb" */ = {
			isa = XCConfigurationList;
			buildConfigurations = (
				FE7F05B42C1D9FD700803B0D /* Debug */,
				FE7F05B52C1D9FD700803B0D /* Release */,
			);
			defaultConfigurationIsVisible = 0;
			defaultConfigurationName = Release;
		};
		FE7F05B62C1D9FD700803B0D /* Build configuration list for PBXNativeTarget "swiftui-omdbTests" */ = {
			isa = XCConfigurationList;
			buildConfigurations = (
				FE7F05B72C1D9FD700803B0D /* Debug */,
				FE7F05B82C1D9FD700803B0D /* Release */,
			);
			defaultConfigurationIsVisible = 0;
			defaultConfigurationName = Release;
		};
		FE7F05B92C1D9FD700803B0D /* Build configuration list for PBXNativeTarget "swiftui-omdbUITests" */ = {
			isa = XCConfigurationList;
			buildConfigurations = (
				FE7F05BA2C1D9FD700803B0D /* Debug */,
				FE7F05BB2C1D9FD700803B0D /* Release */,
			);
			defaultConfigurationIsVisible = 0;
			defaultConfigurationName = Release;
		};
/* End XCConfigurationList section */
	};
	rootObject = FE7F05872C1D9FD600803B0D /* Project object */;
}
